
Microsoft Visual Studio Solution File, Format Version 12.00
# Visual Studio Version 16
VisualStudioVersion = 16.0.30413.136
MinimumVisualStudioVersion = 10.0.40219.1
Project("{FAE04EC0-301F-11D3-BF4B-00C04F79EFBC}") = "RichVillages", "RichVillages.csproj", "{DDFA39D3-DC77-4198-8494-CEBB57799409}"
EndProject
Global
	GlobalSection(SolutionConfigurationPlatforms) = preSolution
		Debug|Any CPU = Debug|Any CPU
		Release|Any CPU = Release|Any CPU
	EndGlobalSection
	GlobalSection(ProjectConfigurationPlatforms) = postSolution
		{DDFA39D3-DC77-4198-8494-CEBB57799409}.Debug|Any CPU.ActiveCfg = Debug|Any CPU
		{DDFA39D3-DC77-4198-8494-CEBB57799409}.Debug|Any CPU.Build.0 = Debug|Any CPU
		{DDFA39D3-DC77-4198-8494-CEBB57799409}.Release|Any CPU.ActiveCfg = Release|Any CPU
		{DDFA39D3-DC77-4198-8494-CEBB57799409}.Release|Any CPU.Build.0 = Release|Any CPU
	EndGlobalSection
	GlobalSection(SolutionProperties) = preSolution
		HideSolutionNode = FALSE
	EndGlobalSection
	GlobalSection(ExtensibilityGlobals) = postSolution
		SolutionGuid = {24F0B362-AE92-4714-B965-EAE20FD73409}
	EndGlobalSection
EndGlobal
